// !$*UTF8*$!
{
	archiveVersion = 1;
	classes = {
	};
	objectVersion = 50;
	objects = {

/* Begin PBXBuildFile section */
		09AED7A8240C9D340047862D /* AppDelegate.swift in Sources */ = {isa = PBXBuildFile; fileRef = 09AED7A7240C9D340047862D /* AppDelegate.swift */; };
		09AED7AA240C9D340047862D /* SceneDelegate.swift in Sources */ = {isa = PBXBuildFile; fileRef = 09AED7A9240C9D340047862D /* SceneDelegate.swift */; };
		09AED7AC240C9D340047862D /* ViewController.swift in Sources */ = {isa = PBXBuildFile; fileRef = 09AED7AB240C9D340047862D /* ViewController.swift */; };
		09AED7AF240C9D340047862D /* Main.storyboard in Resources */ = {isa = PBXBuildFile; fileRef = 09AED7AD240C9D340047862D /* Main.storyboard */; };
		09AED7B1240C9D3B0047862D /* Assets.xcassets in Resources */ = {isa = PBXBuildFile; fileRef = 09AED7B0240C9D3B0047862D /* Assets.xcassets */; };
		09AED7B4240C9D3C0047862D /* LaunchScreen.storyboard in Resources */ = {isa = PBXBuildFile; fileRef = 09AED7B2240C9D3C0047862D /* LaunchScreen.storyboard */; };
		09AED7BF240C9D3C0047862D /* parstagramTests.swift in Sources */ = {isa = PBXBuildFile; fileRef = 09AED7BE240C9D3C0047862D /* parstagramTests.swift */; };
		09AED7CA240C9D3D0047862D /* parstagramUITests.swift in Sources */ = {isa = PBXBuildFile; fileRef = 09AED7C9240C9D3D0047862D /* parstagramUITests.swift */; };
/* End PBXBuildFile section */

/* Begin PBXContainerItemProxy section */
		09AED7BB240C9D3C0047862D /* PBXContainerItemProxy */ = {
			isa = PBXContainerItemProxy;
			containerPortal = 09AED79C240C9D330047862D /* Project object */;
			proxyType = 1;
			remoteGlobalIDString = 09AED7A3240C9D330047862D;
			remoteInfo = parstagram;
		};
		09AED7C6240C9D3C0047862D /* PBXContainerItemProxy */ = {
			isa = PBXContainerItemProxy;
			containerPortal = 09AED79C240C9D330047862D /* Project object */;
			proxyType = 1;
			remoteGlobalIDString = 09AED7A3240C9D330047862D;
			remoteInfo = parstagram;
		};
/* End PBXContainerItemProxy section */

/* Begin PBXFileReference section */
		09AED7A4240C9D340047862D /* parstagram.app */ = {isa = PBXFileReference; explicitFileType = wrapper.application; includeInIndex = 0; path = parstagram.app; sourceTree = BUILT_PRODUCTS_DIR; };
		09AED7A7240C9D340047862D /* AppDelegate.swift */ = {isa = PBXFileReference; lastKnownFileType = sourcecode.swift; path = AppDelegate.swift; sourceTree = "<group>"; };
		09AED7A9240C9D340047862D /* SceneDelegate.swift */ = {isa = PBXFileReference; lastKnownFileType = sourcecode.swift; path = SceneDelegate.swift; sourceTree = "<group>"; };
		09AED7AB240C9D340047862D /* ViewController.swift */ = {isa = PBXFileReference; lastKnownFileType = sourcecode.swift; path = ViewController.swift; sourceTree = "<group>"; };
		09AED7AE240C9D340047862D /* Base */ = {isa = PBXFileReference; lastKnownFileType = file.storyboard; name = Base; path = Base.lproj/Main.storyboard; sourceTree = "<group>"; };
		09AED7B0240C9D3B0047862D /* Assets.xcassets */ = {isa = PBXFileReference; lastKnownFileType = folder.assetcatalog; path = Assets.xcassets; sourceTree = "<group>"; };
		09AED7B3240C9D3C0047862D /* Base */ = {isa = PBXFileReference; lastKnownFileType = file.storyboard; name = Base; path = Base.lproj/LaunchScreen.storyboard; sourceTree = "<group>"; };
		09AED7B5240C9D3C0047862D /* Info.plist */ = {isa = PBXFileReference; lastKnownFileType = text.plist.xml; path = Info.plist; sourceTree = "<group>"; };
		09AED7BA240C9D3C0047862D /* parstagramTests.xctest */ = {isa = PBXFileReference; explicitFileType = wrapper.cfbundle; includeInIndex = 0; path = parstagramTests.xctest; sourceTree = BUILT_PRODUCTS_DIR; };
		09AED7BE240C9D3C0047862D /* parstagramTests.swift */ = {isa = PBXFileReference; lastKnownFileType = sourcecode.swift; path = parstagramTests.swift; sourceTree = "<group>"; };
		09AED7C0240C9D3C0047862D /* Info.plist */ = {isa = PBXFileReference; lastKnownFileType = text.plist.xml; path = Info.plist; sourceTree = "<group>"; };
		09AED7C5240C9D3C0047862D /* parstagramUITests.xctest */ = {isa = PBXFileReference; explicitFileType = wrapper.cfbundle; includeInIndex = 0; path = parstagramUITests.xctest; sourceTree = BUILT_PRODUCTS_DIR; };
		09AED7C9240C9D3D0047862D /* parstagramUITests.swift */ = {isa = PBXFileReference; lastKnownFileType = sourcecode.swift; path = parstagramUITests.swift; sourceTree = "<group>"; };
		09AED7CB240C9D3D0047862D /* Info.plist */ = {isa = PBXFileReference; lastKnownFileType = text.plist.xml; path = Info.plist; sourceTree = "<group>"; };
/* End PBXFileReference section */

/* Begin PBXFrameworksBuildPhase section */
		09AED7A1240C9D330047862D /* Frameworks */ = {
			isa = PBXFrameworksBuildPhase;
			buildActionMask = 2147483647;
			files = (
			);
			runOnlyForDeploymentPostprocessing = 0;
		};
		09AED7B7240C9D3C0047862D /* Frameworks */ = {
			isa = PBXFrameworksBuildPhase;
			buildActionMask = 2147483647;
			files = (
			);
			runOnlyForDeploymentPostprocessing = 0;
		};
		09AED7C2240C9D3C0047862D /* Frameworks */ = {
			isa = PBXFrameworksBuildPhase;
			buildActionMask = 2147483647;
			files = (
			);
			runOnlyForDeploymentPostprocessing = 0;
		};
/* End PBXFrameworksBuildPhase section */

/* Begin PBXGroup section */
		09AED79B240C9D330047862D = {
			isa = PBXGroup;
			children = (
				09AED7A6240C9D340047862D /* parstagram */,
				09AED7BD240C9D3C0047862D /* parstagramTests */,
				09AED7C8240C9D3C0047862D /* parstagramUITests */,
				09AED7A5240C9D340047862D /* Products */,
			);
			sourceTree = "<group>";
		};
		09AED7A5240C9D340047862D /* Products */ = {
			isa = PBXGroup;
			children = (
				09AED7A4240C9D340047862D /* parstagram.app */,
				09AED7BA240C9D3C0047862D /* parstagramTests.xctest */,
				09AED7C5240C9D3C0047862D /* parstagramUITests.xctest */,
			);
			name = Products;
			sourceTree = "<group>";
		};
		09AED7A6240C9D340047862D /* parstagram */ = {
			isa = PBXGroup;
			children = (
				09AED7A7240C9D340047862D /* AppDelegate.swift */,
				09AED7A9240C9D340047862D /* SceneDelegate.swift */,
				09AED7AB240C9D340047862D /* ViewController.swift */,
				09AED7AD240C9D340047862D /* Main.storyboard */,
				09AED7B0240C9D3B0047862D /* Assets.xcassets */,
				09AED7B2240C9D3C0047862D /* LaunchScreen.storyboard */,
				09AED7B5240C9D3C0047862D /* Info.plist */,
			);
			path = parstagram;
			sourceTree = "<group>";
		};
		09AED7BD240C9D3C0047862D /* parstagramTests */ = {
			isa = PBXGroup;
			children = (
				09AED7BE240C9D3C0047862D /* parstagramTests.swift */,
				09AED7C0240C9D3C0047862D /* Info.plist */,
			);
			path = parstagramTests;
			sourceTree = "<group>";
		};
		09AED7C8240C9D3C0047862D /* parstagramUITests */ = {
			isa = PBXGroup;
			children = (
				09AED7C9240C9D3D0047862D /* parstagramUITests.swift */,
				09AED7CB240C9D3D0047862D /* Info.plist */,
			);
			path = parstagramUITests;
			sourceTree = "<group>";
		};
/* End PBXGroup section */

/* Begin PBXNativeTarget section */
		09AED7A3240C9D330047862D /* parstagram */ = {
			isa = PBXNativeTarget;
			buildConfigurationList = 09AED7CE240C9D3D0047862D /* Build configuration list for PBXNativeTarget "parstagram" */;
			buildPhases = (
				09AED7A0240C9D330047862D /* Sources */,
				09AED7A1240C9D330047862D /* Frameworks */,
				09AED7A2240C9D330047862D /* Resources */,
			);
			buildRules = (
			);
			dependencies = (
			);
			name = parstagram;
			productName = parstagram;
			productReference = 09AED7A4240C9D340047862D /* parstagram.app */;
			productType = "com.apple.product-type.application";
		};
		09AED7B9240C9D3C0047862D /* parstagramTests */ = {
			isa = PBXNativeTarget;
			buildConfigurationList = 09AED7D1240C9D3D0047862D /* Build configuration list for PBXNativeTarget "parstagramTests" */;
			buildPhases = (
				09AED7B6240C9D3C0047862D /* Sources */,
				09AED7B7240C9D3C0047862D /* Frameworks */,
				09AED7B8240C9D3C0047862D /* Resources */,
			);
			buildRules = (
			);
			dependencies = (
				09AED7BC240C9D3C0047862D /* PBXTargetDependency */,
			);
			name = parstagramTests;
			productName = parstagramTests;
			productReference = 09AED7BA240C9D3C0047862D /* parstagramTests.xctest */;
			productType = "com.apple.product-type.bundle.unit-test";
		};
		09AED7C4240C9D3C0047862D /* parstagramUITests */ = {
			isa = PBXNativeTarget;
			buildConfigurationList = 09AED7D4240C9D3D0047862D /* Build configuration list for PBXNativeTarget "parstagramUITests" */;
			buildPhases = (
				09AED7C1240C9D3C0047862D /* Sources */,
				09AED7C2240C9D3C0047862D /* Frameworks */,
				09AED7C3240C9D3C0047862D /* Resources */,
			);
			buildRules = (
			);
			dependencies = (
				09AED7C7240C9D3C0047862D /* PBXTargetDependency */,
			);
			name = parstagramUITests;
			productName = parstagramUITests;
			productReference = 09AED7C5240C9D3C0047862D /* parstagramUITests.xctest */;
			productType = "com.apple.product-type.bundle.ui-testing";
		};
/* End PBXNativeTarget section */

/* Begin PBXProject section */
		09AED79C240C9D330047862D /* Project object */ = {
			isa = PBXProject;
			attributes = {
				LastSwiftUpdateCheck = 1130;
				LastUpgradeCheck = 1130;
				ORGANIZATIONNAME = "Christopther Garcia";
				TargetAttributes = {
					09AED7A3240C9D330047862D = {
						CreatedOnToolsVersion = 11.3.1;
					};
					09AED7B9240C9D3C0047862D = {
						CreatedOnToolsVersion = 11.3.1;
						TestTargetID = 09AED7A3240C9D330047862D;
					};
					09AED7C4240C9D3C0047862D = {
						CreatedOnToolsVersion = 11.3.1;
						TestTargetID = 09AED7A3240C9D330047862D;
					};
				};
			};
			buildConfigurationList = 09AED79F240C9D330047862D /* Build configuration list for PBXProject "parstagram" */;
			compatibilityVersion = "Xcode 9.3";
			developmentRegion = en;
			hasScannedForEncodings = 0;
			knownRegions = (
				en,
				Base,
			);
			mainGroup = 09AED79B240C9D330047862D;
			productRefGroup = 09AED7A5240C9D340047862D /* Products */;
			projectDirPath = "";
			projectRoot = "";
			targets = (
				09AED7A3240C9D330047862D /* parstagram */,
				09AED7B9240C9D3C0047862D /* parstagramTests */,
				09AED7C4240C9D3C0047862D /* parstagramUITests */,
			);
		};
/* End PBXProject section */

/* Begin PBXResourcesBuildPhase section */
		09AED7A2240C9D330047862D /* Resources */ = {
			isa = PBXResourcesBuildPhase;
			buildActionMask = 2147483647;
			files = (
				09AED7B4240C9D3C0047862D /* LaunchScreen.storyboard in Resources */,
				09AED7B1240C9D3B0047862D /* Assets.xcassets in Resources */,
				09AED7AF240C9D340047862D /* Main.storyboard in Resources */,
			);
			runOnlyForDeploymentPostprocessing = 0;
		};
		09AED7B8240C9D3C0047862D /* Resources */ = {
			isa = PBXResourcesBuildPhase;
			buildActionMask = 2147483647;
			files = (
			);
			runOnlyForDeploymentPostprocessing = 0;
		};
		09AED7C3240C9D3C0047862D /* Resources */ = {
			isa = PBXResourcesBuildPhase;
			buildActionMask = 2147483647;
			files = (
			);
			runOnlyForDeploymentPostprocessing = 0;
		};
/* End PBXResourcesBuildPhase section */

/* Begin PBXSourcesBuildPhase section */
		09AED7A0240C9D330047862D /* Sources */ = {
			isa = PBXSourcesBuildPhase;
			buildActionMask = 2147483647;
			files = (
				09AED7AC240C9D340047862D /* ViewController.swift in Sources */,
				09AED7A8240C9D340047862D /* AppDelegate.swift in Sources */,
				09AED7AA240C9D340047862D /* SceneDelegate.swift in Sources */,
			);
			runOnlyForDeploymentPostprocessing = 0;
		};
		09AED7B6240C9D3C0047862D /* Sources */ = {
			isa = PBXSourcesBuildPhase;
			buildActionMask = 2147483647;
			files = (
				09AED7BF240C9D3C0047862D /* parstagramTests.swift in Sources */,
			);
			runOnlyForDeploymentPostprocessing = 0;
		};
		09AED7C1240C9D3C0047862D /* Sources */ = {
			isa = PBXSourcesBuildPhase;
			buildActionMask = 2147483647;
			files = (
				09AED7CA240C9D3D0047862D /* parstagramUITests.swift in Sources */,
			);
			runOnlyForDeploymentPostprocessing = 0;
		};
/* End PBXSourcesBuildPhase section */

/* Begin PBXTargetDependency section */
		09AED7BC240C9D3C0047862D /* PBXTargetDependency */ = {
			isa = PBXTargetDependency;
			target = 09AED7A3240C9D330047862D /* parstagram */;
			targetProxy = 09AED7BB240C9D3C0047862D /* PBXContainerItemProxy */;
		};
		09AED7C7240C9D3C0047862D /* PBXTargetDependency */ = {
			isa = PBXTargetDependency;
			target = 09AED7A3240C9D330047862D /* parstagram */;
			targetProxy = 09AED7C6240C9D3C0047862D /* PBXContainerItemProxy */;
		};
/* End PBXTargetDependency section */

/* Begin PBXVariantGroup section */
		09AED7AD240C9D340047862D /* Main.storyboard */ = {
			isa = PBXVariantGroup;
			children = (
				09AED7AE240C9D340047862D /* Base */,
			);
			name = Main.storyboard;
			sourceTree = "<group>";
		};
		09AED7B2240C9D3C0047862D /* LaunchScreen.storyboard */ = {
			isa = PBXVariantGroup;
			children = (
				09AED7B3240C9D3C0047862D /* Base */,
			);
			name = LaunchScreen.storyboard;
			sourceTree = "<group>";
		};
/* End PBXVariantGroup section */

/* Begin XCBuildConfiguration section */
		09AED7CC240C9D3D0047862D /* Debug */ = {
			isa = XCBuildConfiguration;
			buildSettings = {
				ALWAYS_SEARCH_USER_PATHS = NO;
				CLANG_ANALYZER_NONNULL = YES;
				CLANG_ANALYZER_NUMBER_OBJECT_CONVERSION = YES_AGGRESSIVE;
				CLANG_CXX_LANGUAGE_STANDARD = "gnu++14";
				CLANG_CXX_LIBRARY = "libc++";
				CLANG_ENABLE_MODULES = YES;
				CLANG_ENABLE_OBJC_ARC = YES;
				CLANG_ENABLE_OBJC_WEAK = YES;
				CLANG_WARN_BLOCK_CAPTURE_AUTORELEASING = YES;
				CLANG_WARN_BOOL_CONVERSION = YES;
				CLANG_WARN_COMMA = YES;
				CLANG_WARN_CONSTANT_CONVERSION = YES;
				CLANG_WARN_DEPRECATED_OBJC_IMPLEMENTATIONS = YES;
				CLANG_WARN_DIRECT_OBJC_ISA_USAGE = YES_ERROR;
				CLANG_WARN_DOCUMENTATION_COMMENTS = YES;
				CLANG_WARN_EMPTY_BODY = YES;
				CLANG_WARN_ENUM_CONVERSION = YES;
				CLANG_WARN_INFINITE_RECURSION = YES;
				CLANG_WARN_INT_CONVERSION = YES;
				CLANG_WARN_NON_LITERAL_NULL_CONVERSION = YES;
				CLANG_WARN_OBJC_IMPLICIT_RETAIN_SELF = YES;
				CLANG_WARN_OBJC_LITERAL_CONVERSION = YES;
				CLANG_WARN_OBJC_ROOT_CLASS = YES_ERROR;
				CLANG_WARN_RANGE_LOOP_ANALYSIS = YES;
				CLANG_WARN_STRICT_PROTOTYPES = YES;
				CLANG_WARN_SUSPICIOUS_MOVE = YES;
				CLANG_WARN_UNGUARDED_AVAILABILITY = YES_AGGRESSIVE;
				CLANG_WARN_UNREACHABLE_CODE = YES;
				CLANG_WARN__DUPLICATE_METHOD_MATCH = YES;
				COPY_PHASE_STRIP = NO;
				DEBUG_INFORMATION_FORMAT = dwarf;
				ENABLE_STRICT_OBJC_MSGSEND = YES;
				ENABLE_TESTABILITY = YES;
				GCC_C_LANGUAGE_STANDARD = gnu11;
				GCC_DYNAMIC_NO_PIC = NO;
				GCC_NO_COMMON_BLOCKS = YES;
				GCC_OPTIMIZATION_LEVEL = 0;
				GCC_PREPROCESSOR_DEFINITIONS = (
					"DEBUG=1",
					"$(inherited)",
				);
				GCC_WARN_64_TO_32_BIT_CONVERSION = YES;
				GCC_WARN_ABOUT_RETURN_TYPE = YES_ERROR;
				GCC_WARN_UNDECLARED_SELECTOR = YES;
				GCC_WARN_UNINITIALIZED_AUTOS = YES_AGGRESSIVE;
				GCC_WARN_UNUSED_FUNCTION = YES;
				GCC_WARN_UNUSED_VARIABLE = YES;
				IPHONEOS_DEPLOYMENT_TARGET = 13.2;
				MTL_ENABLE_DEBUG_INFO = INCLUDE_SOURCE;
				MTL_FAST_MATH = YES;
				ONLY_ACTIVE_ARCH = YES;
				SDKROOT = iphoneos;
				SWIFT_ACTIVE_COMPILATION_CONDITIONS = DEBUG;
				SWIFT_OPTIMIZATION_LEVEL = "-Onone";
			};
			name = Debug;
		};
		09AED7CD240C9D3D0047862D /* Release */ = {
			isa = XCBuildConfiguration;
			buildSettings = {
				ALWAYS_SEARCH_USER_PATHS = NO;
				CLANG_ANALYZER_NONNULL = YES;
				CLANG_ANALYZER_NUMBER_OBJECT_CONVERSION = YES_AGGRESSIVE;
				CLANG_CXX_LANGUAGE_STANDARD = "gnu++14";
				CLANG_CXX_LIBRARY = "libc++";
				CLANG_ENABLE_MODULES = YES;
				CLANG_ENABLE_OBJC_ARC = YES;
				CLANG_ENABLE_OBJC_WEAK = YES;
				CLANG_WARN_BLOCK_CAPTURE_AUTORELEASING = YES;
				CLANG_WARN_BOOL_CONVERSION = YES;
				CLANG_WARN_COMMA = YES;
				CLANG_WARN_CONSTANT_CONVERSION = YES;
				CLANG_WARN_DEPRECATED_OBJC_IMPLEMENTATIONS = YES;
				CLANG_WARN_DIRECT_OBJC_ISA_USAGE = YES_ERROR;
				CLANG_WARN_DOCUMENTATION_COMMENTS = YES;
				CLANG_WARN_EMPTY_BODY = YES;
				CLANG_WARN_ENUM_CONVERSION = YES;
				CLANG_WARN_INFINITE_RECURSION = YES;
				CLANG_WARN_INT_CONVERSION = YES;
				CLANG_WARN_NON_LITERAL_NULL_CONVERSION = YES;
				CLANG_WARN_OBJC_IMPLICIT_RETAIN_SELF = YES;
				CLANG_WARN_OBJC_LITERAL_CONVERSION = YES;
				CLANG_WARN_OBJC_ROOT_CLASS = YES_ERROR;
				CLANG_WARN_RANGE_LOOP_ANALYSIS = YES;
				CLANG_WARN_STRICT_PROTOTYPES = YES;
				CLANG_WARN_SUSPICIOUS_MOVE = YES;
				CLANG_WARN_UNGUARDED_AVAILABILITY = YES_AGGRESSIVE;
				CLANG_WARN_UNREACHABLE_CODE = YES;
				CLANG_WARN__DUPLICATE_METHOD_MATCH = YES;
				COPY_PHASE_STRIP = NO;
				DEBUG_INFORMATION_FORMAT = "dwarf-with-dsym";
				ENABLE_NS_ASSERTIONS = NO;
				ENABLE_STRICT_OBJC_MSGSEND = YES;
				GCC_C_LANGUAGE_STANDARD = gnu11;
				GCC_NO_COMMON_BLOCKS = YES;
				GCC_WARN_64_TO_32_BIT_CONVERSION = YES;
				GCC_WARN_ABOUT_RETURN_TYPE = YES_ERROR;
				GCC_WARN_UNDECLARED_SELECTOR = YES;
				GCC_WARN_UNINITIALIZED_AUTOS = YES_AGGRESSIVE;
				GCC_WARN_UNUSED_FUNCTION = YES;
				GCC_WARN_UNUSED_VARIABLE = YES;
				IPHONEOS_DEPLOYMENT_TARGET = 13.2;
				MTL_ENABLE_DEBUG_INFO = NO;
				MTL_FAST_MATH = YES;
				SDKROOT = iphoneos;
				SWIFT_COMPILATION_MODE = wholemodule;
				SWIFT_OPTIMIZATION_LEVEL = "-O";
				VALIDATE_PRODUCT = YES;
			};
			name = Release;
		};
		09AED7CF240C9D3D0047862D /* Debug */ = {
			isa = XCBuildConfiguration;
			buildSettings = {
				ASSETCATALOG_COMPILER_APPICON_NAME = AppIcon;
				CODE_SIGN_STYLE = Automatic;
				INFOPLIST_FILE = parstagram/Info.plist;
				LD_RUNPATH_SEARCH_PATHS = (
					"$(inherited)",
					"@executable_path/Frameworks",
				);
				PRODUCT_BUNDLE_IDENTIFIER = CSUMB.parstagram;
				PRODUCT_NAME = "$(TARGET_NAME)";
				SWIFT_VERSION = 5.0;
				TARGETED_DEVICE_FAMILY = "1,2";
			};
			name = Debug;
		};
		09AED7D0240C9D3D0047862D /* Release */ = {
			isa = XCBuildConfiguration;
			buildSettings = {
				ASSETCATALOG_COMPILER_APPICON_NAME = AppIcon;
				CODE_SIGN_STYLE = Automatic;
				INFOPLIST_FILE = parstagram/Info.plist;
				LD_RUNPATH_SEARCH_PATHS = (
					"$(inherited)",
					"@executable_path/Frameworks",
				);
				PRODUCT_BUNDLE_IDENTIFIER = CSUMB.parstagram;
				PRODUCT_NAME = "$(TARGET_NAME)";
				SWIFT_VERSION = 5.0;
				TARGETED_DEVICE_FAMILY = "1,2";
			};
			name = Release;
		};
		09AED7D2240C9D3D0047862D /* Debug */ = {
			isa = XCBuildConfiguration;
			buildSettings = {
				ALWAYS_EMBED_SWIFT_STANDARD_LIBRARIES = YES;
				BUNDLE_LOADER = "$(TEST_HOST)";
				CODE_SIGN_STYLE = Automatic;
				INFOPLIST_FILE = parstagramTests/Info.plist;
				IPHONEOS_DEPLOYMENT_TARGET = 13.2;
				LD_RUNPATH_SEARCH_PATHS = (
					"$(inherited)",
					"@executable_path/Frameworks",
					"@loader_path/Frameworks",
				);
				PRODUCT_BUNDLE_IDENTIFIER = CSUMB.parstagramTests;
				PRODUCT_NAME = "$(TARGET_NAME)";
				SWIFT_VERSION = 5.0;
				TARGETED_DEVICE_FAMILY = "1,2";
				TEST_HOST = "$(BUILT_PRODUCTS_DIR)/parstagram.app/parstagram";
			};
			name = Debug;
		};
		09AED7D3240C9D3D0047862D /* Release */ = {
			isa = XCBuildConfiguration;
			buildSettings = {
				ALWAYS_EMBED_SWIFT_STANDARD_LIBRARIES = YES;
				BUNDLE_LOADER = "$(TEST_HOST)";
				CODE_SIGN_STYLE = Automatic;
				INFOPLIST_FILE = parstagramTests/Info.plist;
				IPHONEOS_DEPLOYMENT_TARGET = 13.2;
				LD_RUNPATH_SEARCH_PATHS = (
					"$(inherited)",
					"@executable_path/Frameworks",
					"@loader_path/Frameworks",
				);
				PRODUCT_BUNDLE_IDENTIFIER = CSUMB.parstagramTests;
				PRODUCT_NAME = "$(TARGET_NAME)";
				SWIFT_VERSION = 5.0;
				TARGETED_DEVICE_FAMILY = "1,2";
				TEST_HOST = "$(BUILT_PRODUCTS_DIR)/parstagram.app/parstagram";
			};
			name = Release;
		};
		09AED7D5240C9D3D0047862D /* Debug */ = {
			isa = XCBuildConfiguration;
			buildSettings = {
				ALWAYS_EMBED_SWIFT_STANDARD_LIBRARIES = YES;
				CODE_SIGN_STYLE = Automatic;
				INFOPLIST_FILE = parstagramUITests/Info.plist;
				LD_RUNPATH_SEARCH_PATHS = (
					"$(inherited)",
					"@executable_path/Frameworks",
					"@loader_path/Frameworks",
				);
				PRODUCT_BUNDLE_IDENTIFIER = CSUMB.parstagramUITests;
				PRODUCT_NAME = "$(TARGET_NAME)";
				SWIFT_VERSION = 5.0;
				TARGETED_DEVICE_FAMILY = "1,2";
				TEST_TARGET_NAME = parstagram;
			};
			name = Debug;
		};
		09AED7D6240C9D3D0047862D /* Release */ = {
			isa = XCBuildConfiguration;
			buildSettings = {
				ALWAYS_EMBED_SWIFT_STANDARD_LIBRARIES = YES;
				CODE_SIGN_STYLE = Automatic;
				INFOPLIST_FILE = parstagramUITests/Info.plist;
				LD_RUNPATH_SEARCH_PATHS = (
					"$(inherited)",
					"@executable_path/Frameworks",
					"@loader_path/Frameworks",
				);
				PRODUCT_BUNDLE_IDENTIFIER = CSUMB.parstagramUITests;
				PRODUCT_NAME = "$(TARGET_NAME)";
				SWIFT_VERSION = 5.0;
				TARGETED_DEVICE_FAMILY = "1,2";
				TEST_TARGET_NAME = parstagram;
			};
			name = Release;
		};
/* End XCBuildConfiguration section */

/* Begin XCConfigurationList section */
		09AED79F240C9D330047862D /* Build configuration list for PBXProject "parstagram" */ = {
			isa = XCConfigurationList;
			buildConfigurations = (
				09AED7CC240C9D3D0047862D /* Debug */,
				09AED7CD240C9D3D0047862D /* Release */,
			);
			defaultConfigurationIsVisible = 0;
			defaultConfigurationName = Release;
		};
		09AED7CE240C9D3D0047862D /* Build configuration list for PBXNativeTarget "parstagram" */ = {
			isa = XCConfigurationList;
			buildConfigurations = (
				09AED7CF240C9D3D0047862D /* Debug */,
				09AED7D0240C9D3D0047862D /* Release */,
			);
			defaultConfigurationIsVisible = 0;
			defaultConfigurationName = Release;
		};
		09AED7D1240C9D3D0047862D /* Build configuration list for PBXNativeTarget "parstagramTests" */ = {
			isa = XCConfigurationList;
			buildConfigurations = (
				09AED7D2240C9D3D0047862D /* Debug */,
				09AED7D3240C9D3D0047862D /* Release */,
			);
			defaultConfigurationIsVisible = 0;
			defaultConfigurationName = Release;
		};
		09AED7D4240C9D3D0047862D /* Build configuration list for PBXNativeTarget "parstagramUITests" */ = {
			isa = XCConfigurationList;
			buildConfigurations = (
				09AED7D5240C9D3D0047862D /* Debug */,
				09AED7D6240C9D3D0047862D /* Release */,
			);
			defaultConfigurationIsVisible = 0;
			defaultConfigurationName = Release;
		};
/* End XCConfigurationList section */
	};
	rootObject = 09AED79C240C9D330047862D /* Project object */;
}
